
Microsoft Visual Studio Solution File, Format Version 12.00
# Visual Studio Version 16
VisualStudioVersion = 16.0.31410.357
MinimumVisualStudioVersion = 10.0.40219.1
Project("{FAE04EC0-301F-11D3-BF4B-00C04F79EFBC}") = "System.IO_xml-attributes", "System.IO_xml-attributes\System.IO_xml-attributes.csproj", "{2030A474-9A65-40FE-A660-55B52578C795}"
EndProject
Global
	GlobalSection(SolutionConfigurationPlatforms) = preSolution
		Debug|Any CPU = Debug|Any CPU
		Release|Any CPU = Release|Any CPU
	EndGlobalSection
	GlobalSection(ProjectConfigurationPlatforms) = postSolution
		{2030A474-9A65-40FE-A660-55B52578C795}.Debug|Any CPU.ActiveCfg = Debug|Any CPU
		{2030A474-9A65-40FE-A660-55B52578C795}.Debug|Any CPU.Build.0 = Debug|Any CPU
		{2030A474-9A65-40FE-A660-55B52578C795}.Release|Any CPU.ActiveCfg = Release|Any CPU
		{2030A474-9A65-40FE-A660-55B52578C795}.Release|Any CPU.Build.0 = Release|Any CPU
	EndGlobalSection
	GlobalSection(SolutionProperties) = preSolution
		HideSolutionNode = FALSE
	EndGlobalSection
	GlobalSection(ExtensibilityGlobals) = postSolution
		SolutionGuid = {B16094E4-0CA7-49A4-9E91-B80E44CC4A11}
	EndGlobalSection
EndGlobal
